
Microsoft Visual Studio Solution File, Format Version 12.00
# Visual Studio Version 16
VisualStudioVersion = 16.0.29215.179
MinimumVisualStudioVersion = 10.0.40219.1
Project("{FAE04EC0-301F-11D3-BF4B-00C04F79EFBC}") = "Proyecto2Parcial", "Proyecto2Parcial\Proyecto2Parcial.csproj", "{4C941ED6-908A-45C0-BFCB-09E4BAFFEFCF}"
EndProject
Global
	GlobalSection(SolutionConfigurationPlatforms) = preSolution
		Debug|Any CPU = Debug|Any CPU
		Release|Any CPU = Release|Any CPU
	EndGlobalSection
	GlobalSection(ProjectConfigurationPlatforms) = postSolution
		{4C941ED6-908A-45C0-BFCB-09E4BAFFEFCF}.Debug|Any CPU.ActiveCfg = Debug|Any CPU
		{4C941ED6-908A-45C0-BFCB-09E4BAFFEFCF}.Debug|Any CPU.Build.0 = Debug|Any CPU
		{4C941ED6-908A-45C0-BFCB-09E4BAFFEFCF}.Release|Any CPU.ActiveCfg = Release|Any CPU
		{4C941ED6-908A-45C0-BFCB-09E4BAFFEFCF}.Release|Any CPU.Build.0 = Release|Any CPU
	EndGlobalSection
	GlobalSection(SolutionProperties) = preSolution
		HideSolutionNode = FALSE
	EndGlobalSection
	GlobalSection(ExtensibilityGlobals) = postSolution
		SolutionGuid = {0A2304E0-0D4F-4B73-A6A7-309D070DAF10}
	EndGlobalSection
EndGlobal
